// !$*UTF8*$!
{
	archiveVersion = 1;
	classes = {
	};
	objectVersion = 56;
	objects = {

/* Begin PBXBuildFile section */
		5306CA33286B2C7F001B8580 /* ProductDetailView.swift in Sources */ = {isa = PBXBuildFile; fileRef = 5306CA32286B2C7F001B8580 /* ProductDetailView.swift */; };
		533E6F8E2865E0720080F3D7 /* CatalogPadApp.swift in Sources */ = {isa = PBXBuildFile; fileRef = 533E6F8D2865E0720080F3D7 /* CatalogPadApp.swift */; };
		533E6F922865E0730080F3D7 /* Assets.xcassets in Resources */ = {isa = PBXBuildFile; fileRef = 533E6F912865E0730080F3D7 /* Assets.xcassets */; };
		533E6F952865E0730080F3D7 /* Preview Assets.xcassets in Resources */ = {isa = PBXBuildFile; fileRef = 533E6F942865E0730080F3D7 /* Preview Assets.xcassets */; };
		533E6FA02865E3030080F3D7 /* RootView.swift in Sources */ = {isa = PBXBuildFile; fileRef = 533E6F9F2865E3030080F3D7 /* RootView.swift */; };
		533E6FA82865E4730080F3D7 /* ProductListView.swift in Sources */ = {isa = PBXBuildFile; fileRef = 533E6FA72865E4730080F3D7 /* ProductListView.swift */; };
		533E6FAC2865E4900080F3D7 /* ProductListViewModel.swift in Sources */ = {isa = PBXBuildFile; fileRef = 533E6FAB2865E4900080F3D7 /* ProductListViewModel.swift */; };
		533E6FB12865E5220080F3D7 /* UserListView.swift in Sources */ = {isa = PBXBuildFile; fileRef = 533E6FB02865E5220080F3D7 /* UserListView.swift */; };
		533E6FB32865E52C0080F3D7 /* UserListViewModel.swift in Sources */ = {isa = PBXBuildFile; fileRef = 533E6FB22865E52C0080F3D7 /* UserListViewModel.swift */; };
		533E6FB82865FDBC0080F3D7 /* PromoListView.swift in Sources */ = {isa = PBXBuildFile; fileRef = 533E6FB72865FDBC0080F3D7 /* PromoListView.swift */; };
		533E6FBA2865FDD10080F3D7 /* PromoListViewModel.swift in Sources */ = {isa = PBXBuildFile; fileRef = 533E6FB92865FDD10080F3D7 /* PromoListViewModel.swift */; };
		533E6FC42865FFCF0080F3D7 /* Product.swift in Sources */ = {isa = PBXBuildFile; fileRef = 533E6FC32865FFCF0080F3D7 /* Product.swift */; };
		53C8C1BF2872CF33008B14E1 /* ProductDetailViewModel.swift in Sources */ = {isa = PBXBuildFile; fileRef = 53C8C1BE2872CF33008B14E1 /* ProductDetailViewModel.swift */; };
/* End PBXBuildFile section */

/* Begin PBXFileReference section */
		5306CA32286B2C7F001B8580 /* ProductDetailView.swift */ = {isa = PBXFileReference; lastKnownFileType = sourcecode.swift; path = ProductDetailView.swift; sourceTree = "<group>"; };
		533E6F8A2865E0720080F3D7 /* CatalogPad.app */ = {isa = PBXFileReference; explicitFileType = wrapper.application; includeInIndex = 0; path = CatalogPad.app; sourceTree = BUILT_PRODUCTS_DIR; };
		533E6F8D2865E0720080F3D7 /* CatalogPadApp.swift */ = {isa = PBXFileReference; lastKnownFileType = sourcecode.swift; path = CatalogPadApp.swift; sourceTree = "<group>"; };
		533E6F912865E0730080F3D7 /* Assets.xcassets */ = {isa = PBXFileReference; lastKnownFileType = folder.assetcatalog; path = Assets.xcassets; sourceTree = "<group>"; };
		533E6F942865E0730080F3D7 /* Preview Assets.xcassets */ = {isa = PBXFileReference; lastKnownFileType = folder.assetcatalog; path = "Preview Assets.xcassets"; sourceTree = "<group>"; };
		533E6F9F2865E3030080F3D7 /* RootView.swift */ = {isa = PBXFileReference; lastKnownFileType = sourcecode.swift; path = RootView.swift; sourceTree = "<group>"; };
		533E6FA72865E4730080F3D7 /* ProductListView.swift */ = {isa = PBXFileReference; lastKnownFileType = sourcecode.swift; path = ProductListView.swift; sourceTree = "<group>"; };
		533E6FAB2865E4900080F3D7 /* ProductListViewModel.swift */ = {isa = PBXFileReference; lastKnownFileType = sourcecode.swift; path = ProductListViewModel.swift; sourceTree = "<group>"; };
		533E6FB02865E5220080F3D7 /* UserListView.swift */ = {isa = PBXFileReference; lastKnownFileType = sourcecode.swift; path = UserListView.swift; sourceTree = "<group>"; };
		533E6FB22865E52C0080F3D7 /* UserListViewModel.swift */ = {isa = PBXFileReference; lastKnownFileType = sourcecode.swift; path = UserListViewModel.swift; sourceTree = "<group>"; };
		533E6FB72865FDBC0080F3D7 /* PromoListView.swift */ = {isa = PBXFileReference; lastKnownFileType = sourcecode.swift; path = PromoListView.swift; sourceTree = "<group>"; };
		533E6FB92865FDD10080F3D7 /* PromoListViewModel.swift */ = {isa = PBXFileReference; lastKnownFileType = sourcecode.swift; path = PromoListViewModel.swift; sourceTree = "<group>"; };
		533E6FC32865FFCF0080F3D7 /* Product.swift */ = {isa = PBXFileReference; lastKnownFileType = sourcecode.swift; path = Product.swift; sourceTree = "<group>"; };
		53C8C1BE2872CF33008B14E1 /* ProductDetailViewModel.swift */ = {isa = PBXFileReference; lastKnownFileType = sourcecode.swift; path = ProductDetailViewModel.swift; sourceTree = "<group>"; };
/* End PBXFileReference section */

/* Begin PBXFrameworksBuildPhase section */
		533E6F872865E0720080F3D7 /* Frameworks */ = {
			isa = PBXFrameworksBuildPhase;
			buildActionMask = 2147483647;
			files = (
			);
			runOnlyForDeploymentPostprocessing = 0;
		};
/* End PBXFrameworksBuildPhase section */

/* Begin PBXGroup section */
		533E6F812865E0720080F3D7 = {
			isa = PBXGroup;
			children = (
				533E6F8C2865E0720080F3D7 /* CatalogPad */,
				533E6F8B2865E0720080F3D7 /* Products */,
			);
			sourceTree = "<group>";
		};
		533E6F8B2865E0720080F3D7 /* Products */ = {
			isa = PBXGroup;
			children = (
				533E6F8A2865E0720080F3D7 /* CatalogPad.app */,
			);
			name = Products;
			sourceTree = "<group>";
		};
		533E6F8C2865E0720080F3D7 /* CatalogPad */ = {
			isa = PBXGroup;
			children = (
				533E6FA32865E4350080F3D7 /* Features */,
				533E6F9E2865E2960080F3D7 /* Core */,
				533E6F912865E0730080F3D7 /* Assets.xcassets */,
				533E6F932865E0730080F3D7 /* Preview Content */,
			);
			path = CatalogPad;
			sourceTree = "<group>";
		};
		533E6F932865E0730080F3D7 /* Preview Content */ = {
			isa = PBXGroup;
			children = (
				533E6F942865E0730080F3D7 /* Preview Assets.xcassets */,
			);
			path = "Preview Content";
			sourceTree = "<group>";
		};
		533E6F9B2865E26B0080F3D7 /* Views */ = {
			isa = PBXGroup;
			children = (
				533E6F9F2865E3030080F3D7 /* RootView.swift */,
			);
			path = Views;
			sourceTree = "<group>";
		};
		533E6F9E2865E2960080F3D7 /* Core */ = {
			isa = PBXGroup;
			children = (
				533E6F8D2865E0720080F3D7 /* CatalogPadApp.swift */,
				533E6F9B2865E26B0080F3D7 /* Views */,
			);
			path = Core;
			sourceTree = "<group>";
		};
		533E6FA32865E4350080F3D7 /* Features */ = {
			isa = PBXGroup;
			children = (
				533E6FB42865FDA10080F3D7 /* Promos */,
				533E6FAD2865E5000080F3D7 /* Users */,
				533E6FA42865E4410080F3D7 /* Products */,
			);
			path = Features;
			sourceTree = "<group>";
		};
		533E6FA42865E4410080F3D7 /* Products */ = {
			isa = PBXGroup;
			children = (
				533E6FC12865FF860080F3D7 /* Presentation */,
				533E6FC02865FF810080F3D7 /* Model */,
			);
			path = Products;
			sourceTree = "<group>";
		};
		533E6FA52865E4570080F3D7 /* Detail */ = {
			isa = PBXGroup;
			children = (
				5306CA32286B2C7F001B8580 /* ProductDetailView.swift */,
				53C8C1BE2872CF33008B14E1 /* ProductDetailViewModel.swift */,
			);
			path = Detail;
			sourceTree = "<group>";
		};
		533E6FA62865E45C0080F3D7 /* List */ = {
			isa = PBXGroup;
			children = (
				533E6FA72865E4730080F3D7 /* ProductListView.swift */,
				533E6FAB2865E4900080F3D7 /* ProductListViewModel.swift */,
			);
			path = List;
			sourceTree = "<group>";
		};
		533E6FAD2865E5000080F3D7 /* Users */ = {
			isa = PBXGroup;
			children = (
				533E6FBD2865FF510080F3D7 /* Model */,
				533E6FBC2865FF490080F3D7 /* Presentation */,
			);
			path = Users;
			sourceTree = "<group>";
		};
		533E6FAE2865E5070080F3D7 /* List */ = {
			isa = PBXGroup;
			children = (
				533E6FB02865E5220080F3D7 /* UserListView.swift */,
				533E6FB22865E52C0080F3D7 /* UserListViewModel.swift */,
			);
			path = List;
			sourceTree = "<group>";
		};
		533E6FAF2865E50B0080F3D7 /* Detail */ = {
			isa = PBXGroup;
			children = (
			);
			path = Detail;
			sourceTree = "<group>";
		};
		533E6FB42865FDA10080F3D7 /* Promos */ = {
			isa = PBXGroup;
			children = (
				533E6FBF2865FF7C0080F3D7 /* Model */,
				533E6FBE2865FF5C0080F3D7 /* Presentation */,
			);
			path = Promos;
			sourceTree = "<group>";
		};
		533E6FB52865FDA70080F3D7 /* List */ = {
			isa = PBXGroup;
			children = (
				533E6FB72865FDBC0080F3D7 /* PromoListView.swift */,
				533E6FB92865FDD10080F3D7 /* PromoListViewModel.swift */,
			);
			path = List;
			sourceTree = "<group>";
		};
		533E6FB62865FDAD0080F3D7 /* Detail */ = {
			isa = PBXGroup;
			children = (
			);
			path = Detail;
			sourceTree = "<group>";
		};
		533E6FBC2865FF490080F3D7 /* Presentation */ = {
			isa = PBXGroup;
			children = (
				533E6FAF2865E50B0080F3D7 /* Detail */,
				533E6FAE2865E5070080F3D7 /* List */,
			);
			path = Presentation;
			sourceTree = "<group>";
		};
		533E6FBD2865FF510080F3D7 /* Model */ = {
			isa = PBXGroup;
			children = (
			);
			path = Model;
			sourceTree = "<group>";
		};
		533E6FBE2865FF5C0080F3D7 /* Presentation */ = {
			isa = PBXGroup;
			children = (
				533E6FB62865FDAD0080F3D7 /* Detail */,
				533E6FB52865FDA70080F3D7 /* List */,
			);
			path = Presentation;
			sourceTree = "<group>";
		};
		533E6FBF2865FF7C0080F3D7 /* Model */ = {
			isa = PBXGroup;
			children = (
			);
			path = Model;
			sourceTree = "<group>";
		};
		533E6FC02865FF810080F3D7 /* Model */ = {
			isa = PBXGroup;
			children = (
				533E6FC32865FFCF0080F3D7 /* Product.swift */,
			);
			path = Model;
			sourceTree = "<group>";
		};
		533E6FC12865FF860080F3D7 /* Presentation */ = {
			isa = PBXGroup;
			children = (
				533E6FA62865E45C0080F3D7 /* List */,
				533E6FA52865E4570080F3D7 /* Detail */,
			);
			path = Presentation;
			sourceTree = "<group>";
		};
/* End PBXGroup section */

/* Begin PBXNativeTarget section */
		533E6F892865E0720080F3D7 /* CatalogPad */ = {
			isa = PBXNativeTarget;
			buildConfigurationList = 533E6F982865E0730080F3D7 /* Build configuration list for PBXNativeTarget "CatalogPad" */;
			buildPhases = (
				533E6F862865E0720080F3D7 /* Sources */,
				533E6F872865E0720080F3D7 /* Frameworks */,
				533E6F882865E0720080F3D7 /* Resources */,
			);
			buildRules = (
			);
			dependencies = (
			);
			name = CatalogPad;
			productName = CatalogPad;
			productReference = 533E6F8A2865E0720080F3D7 /* CatalogPad.app */;
			productType = "com.apple.product-type.application";
		};
/* End PBXNativeTarget section */

/* Begin PBXProject section */
		533E6F822865E0720080F3D7 /* Project object */ = {
			isa = PBXProject;
			attributes = {
				BuildIndependentTargetsInParallel = 1;
				LastSwiftUpdateCheck = 1400;
				LastUpgradeCheck = 1400;
				TargetAttributes = {
					533E6F892865E0720080F3D7 = {
						CreatedOnToolsVersion = 14.0;
					};
				};
			};
			buildConfigurationList = 533E6F852865E0720080F3D7 /* Build configuration list for PBXProject "CatalogPad" */;
			compatibilityVersion = "Xcode 14.0";
			developmentRegion = en;
			hasScannedForEncodings = 0;
			knownRegions = (
				en,
				Base,
			);
			mainGroup = 533E6F812865E0720080F3D7;
			productRefGroup = 533E6F8B2865E0720080F3D7 /* Products */;
			projectDirPath = "";
			projectRoot = "";
			targets = (
				533E6F892865E0720080F3D7 /* CatalogPad */,
			);
		};
/* End PBXProject section */

/* Begin PBXResourcesBuildPhase section */
		533E6F882865E0720080F3D7 /* Resources */ = {
			isa = PBXResourcesBuildPhase;
			buildActionMask = 2147483647;
			files = (
				533E6F952865E0730080F3D7 /* Preview Assets.xcassets in Resources */,
				533E6F922865E0730080F3D7 /* Assets.xcassets in Resources */,
			);
			runOnlyForDeploymentPostprocessing = 0;
		};
/* End PBXResourcesBuildPhase section */

/* Begin PBXSourcesBuildPhase section */
		533E6F862865E0720080F3D7 /* Sources */ = {
			isa = PBXSourcesBuildPhase;
			buildActionMask = 2147483647;
			files = (
				533E6FBA2865FDD10080F3D7 /* PromoListViewModel.swift in Sources */,
				5306CA33286B2C7F001B8580 /* ProductDetailView.swift in Sources */,
				533E6FA82865E4730080F3D7 /* ProductListView.swift in Sources */,
				533E6FC42865FFCF0080F3D7 /* Product.swift in Sources */,
				533E6FB32865E52C0080F3D7 /* UserListViewModel.swift in Sources */,
				53C8C1BF2872CF33008B14E1 /* ProductDetailViewModel.swift in Sources */,
				533E6FB82865FDBC0080F3D7 /* PromoListView.swift in Sources */,
				533E6FB12865E5220080F3D7 /* UserListView.swift in Sources */,
				533E6FA02865E3030080F3D7 /* RootView.swift in Sources */,
				533E6FAC2865E4900080F3D7 /* ProductListViewModel.swift in Sources */,
				533E6F8E2865E0720080F3D7 /* CatalogPadApp.swift in Sources */,
			);
			runOnlyForDeploymentPostprocessing = 0;
		};
/* End PBXSourcesBuildPhase section */

/* Begin XCBuildConfiguration section */
		533E6F962865E0730080F3D7 /* Debug */ = {
			isa = XCBuildConfiguration;
			buildSettings = {
				ALWAYS_SEARCH_USER_PATHS = NO;
				CLANG_ANALYZER_NONNULL = YES;
				CLANG_ANALYZER_NUMBER_OBJECT_CONVERSION = YES_AGGRESSIVE;
				CLANG_CXX_LANGUAGE_STANDARD = "gnu++17";
				CLANG_ENABLE_MODULES = YES;
				CLANG_ENABLE_OBJC_ARC = YES;
				CLANG_ENABLE_OBJC_WEAK = YES;
				CLANG_WARN_BLOCK_CAPTURE_AUTORELEASING = YES;
				CLANG_WARN_BOOL_CONVERSION = YES;
				CLANG_WARN_COMMA = YES;
				CLANG_WARN_CONSTANT_CONVERSION = YES;
				CLANG_WARN_DEPRECATED_OBJC_IMPLEMENTATIONS = YES;
				CLANG_WARN_DIRECT_OBJC_ISA_USAGE = YES_ERROR;
				CLANG_WARN_DOCUMENTATION_COMMENTS = YES;
				CLANG_WARN_EMPTY_BODY = YES;
				CLANG_WARN_ENUM_CONVERSION = YES;
				CLANG_WARN_INFINITE_RECURSION = YES;
				CLANG_WARN_INT_CONVERSION = YES;
				CLANG_WARN_NON_LITERAL_NULL_CONVERSION = YES;
				CLANG_WARN_OBJC_IMPLICIT_RETAIN_SELF = YES;
				CLANG_WARN_OBJC_LITERAL_CONVERSION = YES;
				CLANG_WARN_OBJC_ROOT_CLASS = YES_ERROR;
				CLANG_WARN_QUOTED_INCLUDE_IN_FRAMEWORK_HEADER = YES;
				CLANG_WARN_RANGE_LOOP_ANALYSIS = YES;
				CLANG_WARN_STRICT_PROTOTYPES = YES;
				CLANG_WARN_SUSPICIOUS_MOVE = YES;
				CLANG_WARN_UNGUARDED_AVAILABILITY = YES_AGGRESSIVE;
				CLANG_WARN_UNREACHABLE_CODE = YES;
				CLANG_WARN__DUPLICATE_METHOD_MATCH = YES;
				COPY_PHASE_STRIP = NO;
				DEBUG_INFORMATION_FORMAT = dwarf;
				ENABLE_STRICT_OBJC_MSGSEND = YES;
				ENABLE_TESTABILITY = YES;
				GCC_C_LANGUAGE_STANDARD = gnu11;
				GCC_DYNAMIC_NO_PIC = NO;
				GCC_NO_COMMON_BLOCKS = YES;
				GCC_OPTIMIZATION_LEVEL = 0;
				GCC_PREPROCESSOR_DEFINITIONS = (
					"DEBUG=1",
					"$(inherited)",
				);
				GCC_WARN_64_TO_32_BIT_CONVERSION = YES;
				GCC_WARN_ABOUT_RETURN_TYPE = YES_ERROR;
				GCC_WARN_UNDECLARED_SELECTOR = YES;
				GCC_WARN_UNINITIALIZED_AUTOS = YES_AGGRESSIVE;
				GCC_WARN_UNUSED_FUNCTION = YES;
				GCC_WARN_UNUSED_VARIABLE = YES;
				IPHONEOS_DEPLOYMENT_TARGET = 16.0;
				MTL_ENABLE_DEBUG_INFO = INCLUDE_SOURCE;
				MTL_FAST_MATH = YES;
				ONLY_ACTIVE_ARCH = YES;
				SDKROOT = iphoneos;
				SWIFT_ACTIVE_COMPILATION_CONDITIONS = DEBUG;
				SWIFT_OPTIMIZATION_LEVEL = "-Onone";
			};
			name = Debug;
		};
		533E6F972865E0730080F3D7 /* Release */ = {
			isa = XCBuildConfiguration;
			buildSettings = {
				ALWAYS_SEARCH_USER_PATHS = NO;
				CLANG_ANALYZER_NONNULL = YES;
				CLANG_ANALYZER_NUMBER_OBJECT_CONVERSION = YES_AGGRESSIVE;
				CLANG_CXX_LANGUAGE_STANDARD = "gnu++17";
				CLANG_ENABLE_MODULES = YES;
				CLANG_ENABLE_OBJC_ARC = YES;
				CLANG_ENABLE_OBJC_WEAK = YES;
				CLANG_WARN_BLOCK_CAPTURE_AUTORELEASING = YES;
				CLANG_WARN_BOOL_CONVERSION = YES;
				CLANG_WARN_COMMA = YES;
				CLANG_WARN_CONSTANT_CONVERSION = YES;
				CLANG_WARN_DEPRECATED_OBJC_IMPLEMENTATIONS = YES;
				CLANG_WARN_DIRECT_OBJC_ISA_USAGE = YES_ERROR;
				CLANG_WARN_DOCUMENTATION_COMMENTS = YES;
				CLANG_WARN_EMPTY_BODY = YES;
				CLANG_WARN_ENUM_CONVERSION = YES;
				CLANG_WARN_INFINITE_RECURSION = YES;
				CLANG_WARN_INT_CONVERSION = YES;
				CLANG_WARN_NON_LITERAL_NULL_CONVERSION = YES;
				CLANG_WARN_OBJC_IMPLICIT_RETAIN_SELF = YES;
				CLANG_WARN_OBJC_LITERAL_CONVERSION = YES;
				CLANG_WARN_OBJC_ROOT_CLASS = YES_ERROR;
				CLANG_WARN_QUOTED_INCLUDE_IN_FRAMEWORK_HEADER = YES;
				CLANG_WARN_RANGE_LOOP_ANALYSIS = YES;
				CLANG_WARN_STRICT_PROTOTYPES = YES;
				CLANG_WARN_SUSPICIOUS_MOVE = YES;
				CLANG_WARN_UNGUARDED_AVAILABILITY = YES_AGGRESSIVE;
				CLANG_WARN_UNREACHABLE_CODE = YES;
				CLANG_WARN__DUPLICATE_METHOD_MATCH = YES;
				COPY_PHASE_STRIP = NO;
				DEBUG_INFORMATION_FORMAT = "dwarf-with-dsym";
				ENABLE_NS_ASSERTIONS = NO;
				ENABLE_STRICT_OBJC_MSGSEND = YES;
				GCC_C_LANGUAGE_STANDARD = gnu11;
				GCC_NO_COMMON_BLOCKS = YES;
				GCC_WARN_64_TO_32_BIT_CONVERSION = YES;
				GCC_WARN_ABOUT_RETURN_TYPE = YES_ERROR;
				GCC_WARN_UNDECLARED_SELECTOR = YES;
				GCC_WARN_UNINITIALIZED_AUTOS = YES_AGGRESSIVE;
				GCC_WARN_UNUSED_FUNCTION = YES;
				GCC_WARN_UNUSED_VARIABLE = YES;
				IPHONEOS_DEPLOYMENT_TARGET = 16.0;
				MTL_ENABLE_DEBUG_INFO = NO;
				MTL_FAST_MATH = YES;
				SDKROOT = iphoneos;
				SWIFT_COMPILATION_MODE = wholemodule;
				SWIFT_OPTIMIZATION_LEVEL = "-O";
				VALIDATE_PRODUCT = YES;
			};
			name = Release;
		};
		533E6F992865E0730080F3D7 /* Debug */ = {
			isa = XCBuildConfiguration;
			buildSettings = {
				ASSETCATALOG_COMPILER_APPICON_NAME = AppIcon;
				ASSETCATALOG_COMPILER_GLOBAL_ACCENT_COLOR_NAME = AccentColor;
				CODE_SIGN_STYLE = Automatic;
				CURRENT_PROJECT_VERSION = 1;
				DEVELOPMENT_ASSET_PATHS = "\"CatalogPad/Preview Content\"";
				DEVELOPMENT_TEAM = 7WZ6FPGDGT;
				ENABLE_PREVIEWS = YES;
				GENERATE_INFOPLIST_FILE = YES;
				INFOPLIST_KEY_UIApplicationSceneManifest_Generation = YES;
				INFOPLIST_KEY_UIApplicationSupportsIndirectInputEvents = YES;
				INFOPLIST_KEY_UILaunchScreen_Generation = YES;
				INFOPLIST_KEY_UISupportedInterfaceOrientations_iPad = "UIInterfaceOrientationPortrait UIInterfaceOrientationPortraitUpsideDown UIInterfaceOrientationLandscapeLeft UIInterfaceOrientationLandscapeRight";
				INFOPLIST_KEY_UISupportedInterfaceOrientations_iPhone = "UIInterfaceOrientationPortrait UIInterfaceOrientationLandscapeLeft UIInterfaceOrientationLandscapeRight";
				LD_RUNPATH_SEARCH_PATHS = (
					"$(inherited)",
					"@executable_path/Frameworks",
				);
				MARKETING_VERSION = 1.0;
				PRODUCT_BUNDLE_IDENTIFIER = ch.ragu.CatalogPad;
				PRODUCT_NAME = "$(TARGET_NAME)";
				SWIFT_EMIT_LOC_STRINGS = YES;
				SWIFT_VERSION = 5.0;
				TARGETED_DEVICE_FAMILY = "1,2";
			};
			name = Debug;
		};
		533E6F9A2865E0730080F3D7 /* Release */ = {
			isa = XCBuildConfiguration;
			buildSettings = {
				ASSETCATALOG_COMPILER_APPICON_NAME = AppIcon;
				ASSETCATALOG_COMPILER_GLOBAL_ACCENT_COLOR_NAME = AccentColor;
				CODE_SIGN_STYLE = Automatic;
				CURRENT_PROJECT_VERSION = 1;
				DEVELOPMENT_ASSET_PATHS = "\"CatalogPad/Preview Content\"";
				DEVELOPMENT_TEAM = 7WZ6FPGDGT;
				ENABLE_PREVIEWS = YES;
				GENERATE_INFOPLIST_FILE = YES;
				INFOPLIST_KEY_UIApplicationSceneManifest_Generation = YES;
				INFOPLIST_KEY_UIApplicationSupportsIndirectInputEvents = YES;
				INFOPLIST_KEY_UILaunchScreen_Generation = YES;
				INFOPLIST_KEY_UISupportedInterfaceOrientations_iPad = "UIInterfaceOrientationPortrait UIInterfaceOrientationPortraitUpsideDown UIInterfaceOrientationLandscapeLeft UIInterfaceOrientationLandscapeRight";
				INFOPLIST_KEY_UISupportedInterfaceOrientations_iPhone = "UIInterfaceOrientationPortrait UIInterfaceOrientationLandscapeLeft UIInterfaceOrientationLandscapeRight";
				LD_RUNPATH_SEARCH_PATHS = (
					"$(inherited)",
					"@executable_path/Frameworks",
				);
				MARKETING_VERSION = 1.0;
				PRODUCT_BUNDLE_IDENTIFIER = ch.ragu.CatalogPad;
				PRODUCT_NAME = "$(TARGET_NAME)";
				SWIFT_EMIT_LOC_STRINGS = YES;
				SWIFT_VERSION = 5.0;
				TARGETED_DEVICE_FAMILY = "1,2";
			};
			name = Release;
		};
/* End XCBuildConfiguration section */

/* Begin XCConfigurationList section */
		533E6F852865E0720080F3D7 /* Build configuration list for PBXProject "CatalogPad" */ = {
			isa = XCConfigurationList;
			buildConfigurations = (
				533E6F962865E0730080F3D7 /* Debug */,
				533E6F972865E0730080F3D7 /* Release */,
			);
			defaultConfigurationIsVisible = 0;
			defaultConfigurationName = Release;
		};
		533E6F982865E0730080F3D7 /* Build configuration list for PBXNativeTarget "CatalogPad" */ = {
			isa = XCConfigurationList;
			buildConfigurations = (
				533E6F992865E0730080F3D7 /* Debug */,
				533E6F9A2865E0730080F3D7 /* Release */,
			);
			defaultConfigurationIsVisible = 0;
			defaultConfigurationName = Release;
		};
/* End XCConfigurationList section */
	};
	rootObject = 533E6F822865E0720080F3D7 /* Project object */;
}
